
Microsoft Visual Studio Solution File, Format Version 12.00
# Visual Studio Version 17
VisualStudioVersion = 17.8.34330.188
MinimumVisualStudioVersion = 10.0.40219.1
Project("{FAE04EC0-301F-11D3-BF4B-00C04F79EFBC}") = "BomListTool", "BomListTool\BomListTool.csproj", "{D4F28786-1C91-4C0F-AAD8-BCD972DBFB4E}"
EndProject
Global
	GlobalSection(SolutionConfigurationPlatforms) = preSolution
		Debug|Any CPU = Debug|Any CPU
		Release|Any CPU = Release|Any CPU
	EndGlobalSection
	GlobalSection(ProjectConfigurationPlatforms) = postSolution
		{D4F28786-1C91-4C0F-AAD8-BCD972DBFB4E}.Debug|Any CPU.ActiveCfg = Debug|Any CPU
		{D4F28786-1C91-4C0F-AAD8-BCD972DBFB4E}.Debug|Any CPU.Build.0 = Debug|Any CPU
		{D4F28786-1C91-4C0F-AAD8-BCD972DBFB4E}.Release|Any CPU.ActiveCfg = Release|Any CPU
		{D4F28786-1C91-4C0F-AAD8-BCD972DBFB4E}.Release|Any CPU.Build.0 = Release|Any CPU
	EndGlobalSection
	GlobalSection(SolutionProperties) = preSolution
		HideSolutionNode = FALSE
	EndGlobalSection
	GlobalSection(ExtensibilityGlobals) = postSolution
		SolutionGuid = {B9E7CD2E-1275-4CF4-BC30-64D7FE120C82}
	EndGlobalSection
EndGlobal
